// !$*UTF8*$!
{
	archiveVersion = 1;
	classes = {
	};
	objectVersion = 46;
	objects = {

/* Begin PBXBuildFile section */
		55B9BAAE1BCD5F8B0063E994 /* main.c in Sources */ = {isa = PBXBuildFile; fileRef = 55B9BAAD1BCD5F8B0063E994 /* main.c */; };
		55B9BAB61BCD60350063E994 /* linkedList.c in Sources */ = {isa = PBXBuildFile; fileRef = 55B9BAB51BCD60350063E994 /* linkedList.c */; settings = {ASSET_TAGS = (); }; };
/* End PBXBuildFile section */

/* Begin PBXCopyFilesBuildPhase section */
		55B9BAA81BCD5F8B0063E994 /* CopyFiles */ = {
			isa = PBXCopyFilesBuildPhase;
			buildActionMask = 2147483647;
			dstPath = /usr/share/man/man1/;
			dstSubfolderSpec = 0;
			files = (
			);
			runOnlyForDeploymentPostprocessing = 1;
		};
/* End PBXCopyFilesBuildPhase section */

/* Begin PBXFileReference section */
		55B9BAAA1BCD5F8B0063E994 /* linkedList */ = {isa = PBXFileReference; explicitFileType = "compiled.mach-o.executable"; includeInIndex = 0; path = linkedList; sourceTree = BUILT_PRODUCTS_DIR; };
		55B9BAAD1BCD5F8B0063E994 /* main.c */ = {isa = PBXFileReference; lastKnownFileType = sourcecode.c.c; path = main.c; sourceTree = "<group>"; };
		55B9BAB41BCD5FDF0063E994 /* linkedList.h */ = {isa = PBXFileReference; lastKnownFileType = sourcecode.c.h; path = linkedList.h; sourceTree = "<group>"; };
		55B9BAB51BCD60350063E994 /* linkedList.c */ = {isa = PBXFileReference; fileEncoding = 4; lastKnownFileType = sourcecode.c.c; path = linkedList.c; sourceTree = "<group>"; };
/* End PBXFileReference section */

/* Begin PBXFrameworksBuildPhase section */
		55B9BAA71BCD5F8B0063E994 /* Frameworks */ = {
			isa = PBXFrameworksBuildPhase;
			buildActionMask = 2147483647;
			files = (
			);
			runOnlyForDeploymentPostprocessing = 0;
		};
/* End PBXFrameworksBuildPhase section */

/* Begin PBXGroup section */
		55B9BAA11BCD5F8B0063E994 = {
			isa = PBXGroup;
			children = (
				55B9BAAC1BCD5F8B0063E994 /* linkedList */,
				55B9BAAB1BCD5F8B0063E994 /* Products */,
			);
			sourceTree = "<group>";
		};
		55B9BAAB1BCD5F8B0063E994 /* Products */ = {
			isa = PBXGroup;
			children = (
				55B9BAAA1BCD5F8B0063E994 /* linkedList */,
			);
			name = Products;
			sourceTree = "<group>";
		};
		55B9BAAC1BCD5F8B0063E994 /* linkedList */ = {
			isa = PBXGroup;
			children = (
				55B9BAAD1BCD5F8B0063E994 /* main.c */,
				55B9BAB41BCD5FDF0063E994 /* linkedList.h */,
				55B9BAB51BCD60350063E994 /* linkedList.c */,
			);
			path = linkedList;
			sourceTree = "<group>";
		};
/* End PBXGroup section */

/* Begin PBXNativeTarget section */
		55B9BAA91BCD5F8B0063E994 /* linkedList */ = {
			isa = PBXNativeTarget;
			buildConfigurationList = 55B9BAB11BCD5F8B0063E994 /* Build configuration list for PBXNativeTarget "linkedList" */;
			buildPhases = (
				55B9BAA61BCD5F8B0063E994 /* Sources */,
				55B9BAA71BCD5F8B0063E994 /* Frameworks */,
				55B9BAA81BCD5F8B0063E994 /* CopyFiles */,
			);
			buildRules = (
			);
			dependencies = (
			);
			name = linkedList;
			productName = linkedList;
			productReference = 55B9BAAA1BCD5F8B0063E994 /* linkedList */;
			productType = "com.apple.product-type.tool";
		};
/* End PBXNativeTarget section */

/* Begin PBXProject section */
		55B9BAA21BCD5F8B0063E994 /* Project object */ = {
			isa = PBXProject;
			attributes = {
				LastUpgradeCheck = 0700;
				ORGANIZATIONNAME = "Ursus Schneider";
				TargetAttributes = {
					55B9BAA91BCD5F8B0063E994 = {
						CreatedOnToolsVersion = 7.0.1;
					};
				};
			};
			buildConfigurationList = 55B9BAA51BCD5F8B0063E994 /* Build configuration list for PBXProject "linkedList" */;
			compatibilityVersion = "Xcode 3.2";
			developmentRegion = English;
			hasScannedForEncodings = 0;
			knownRegions = (
				en,
			);
			mainGroup = 55B9BAA11BCD5F8B0063E994;
			productRefGroup = 55B9BAAB1BCD5F8B0063E994 /* Products */;
			projectDirPath = "";
			projectRoot = "";
			targets = (
				55B9BAA91BCD5F8B0063E994 /* linkedList */,
			);
		};
/* End PBXProject section */

/* Begin PBXSourcesBuildPhase section */
		55B9BAA61BCD5F8B0063E994 /* Sources */ = {
			isa = PBXSourcesBuildPhase;
			buildActionMask = 2147483647;
			files = (
				55B9BAB61BCD60350063E994 /* linkedList.c in Sources */,
				55B9BAAE1BCD5F8B0063E994 /* main.c in Sources */,
			);
			runOnlyForDeploymentPostprocessing = 0;
		};
/* End PBXSourcesBuildPhase section */

/* Begin XCBuildConfiguration section */
		55B9BAAF1BCD5F8B0063E994 /* Debug */ = {
			isa = XCBuildConfiguration;
			buildSettings = {
				ALWAYS_SEARCH_USER_PATHS = NO;
				CLANG_CXX_LANGUAGE_STANDARD = "gnu++0x";
				CLANG_CXX_LIBRARY = "libc++";
				CLANG_ENABLE_MODULES = YES;
				CLANG_ENABLE_OBJC_ARC = YES;
				CLANG_WARN_BOOL_CONVERSION = YES;
				CLANG_WARN_CONSTANT_CONVERSION = YES;
				CLANG_WARN_DIRECT_OBJC_ISA_USAGE = YES_ERROR;
				CLANG_WARN_EMPTY_BODY = YES;
				CLANG_WARN_ENUM_CONVERSION = YES;
				CLANG_WARN_INT_CONVERSION = YES;
				CLANG_WARN_OBJC_ROOT_CLASS = YES_ERROR;
				CLANG_WARN_UNREACHABLE_CODE = YES;
				CLANG_WARN__DUPLICATE_METHOD_MATCH = YES;
				COPY_PHASE_STRIP = NO;
				DEBUG_INFORMATION_FORMAT = dwarf;
				ENABLE_STRICT_OBJC_MSGSEND = YES;
				ENABLE_TESTABILITY = YES;
				GCC_C_LANGUAGE_STANDARD = gnu99;
				GCC_DYNAMIC_NO_PIC = NO;
				GCC_NO_COMMON_BLOCKS = YES;
				GCC_OPTIMIZATION_LEVEL = 0;
				GCC_PREPROCESSOR_DEFINITIONS = (
					"DEBUG=1",
					"$(inherited)",
				);
				GCC_WARN_64_TO_32_BIT_CONVERSION = YES;
				GCC_WARN_ABOUT_RETURN_TYPE = YES_ERROR;
				GCC_WARN_UNDECLARED_SELECTOR = YES;
				GCC_WARN_UNINITIALIZED_AUTOS = YES_AGGRESSIVE;
				GCC_WARN_UNUSED_FUNCTION = YES;
				GCC_WARN_UNUSED_VARIABLE = YES;
				MACOSX_DEPLOYMENT_TARGET = 10.11;
				MTL_ENABLE_DEBUG_INFO = YES;
				ONLY_ACTIVE_ARCH = YES;
				SDKROOT = macosx;
			};
			name = Debug;
		};
		55B9BAB01BCD5F8B0063E994 /* Release */ = {
			isa = XCBuildConfiguration;
			buildSettings = {
				ALWAYS_SEARCH_USER_PATHS = NO;
				CLANG_CXX_LANGUAGE_STANDARD = "gnu++0x";
				CLANG_CXX_LIBRARY = "libc++";
				CLANG_ENABLE_MODULES = YES;
				CLANG_ENABLE_OBJC_ARC = YES;
				CLANG_WARN_BOOL_CONVERSION = YES;
				CLANG_WARN_CONSTANT_CONVERSION = YES;
				CLANG_WARN_DIRECT_OBJC_ISA_USAGE = YES_ERROR;
				CLANG_WARN_EMPTY_BODY = YES;
				CLANG_WARN_ENUM_CONVERSION = YES;
				CLANG_WARN_INT_CONVERSION = YES;
				CLANG_WARN_OBJC_ROOT_CLASS = YES_ERROR;
				CLANG_WARN_UNREACHABLE_CODE = YES;
				CLANG_WARN__DUPLICATE_METHOD_MATCH = YES;
				COPY_PHASE_STRIP = NO;
				DEBUG_INFORMATION_FORMAT = "dwarf-with-dsym";
				ENABLE_NS_ASSERTIONS = NO;
				ENABLE_STRICT_OBJC_MSGSEND = YES;
				GCC_C_LANGUAGE_STANDARD = gnu99;
				GCC_NO_COMMON_BLOCKS = YES;
				GCC_WARN_64_TO_32_BIT_CONVERSION = YES;
				GCC_WARN_ABOUT_RETURN_TYPE = YES_ERROR;
				GCC_WARN_UNDECLARED_SELECTOR = YES;
				GCC_WARN_UNINITIALIZED_AUTOS = YES_AGGRESSIVE;
				GCC_WARN_UNUSED_FUNCTION = YES;
				GCC_WARN_UNUSED_VARIABLE = YES;
				MACOSX_DEPLOYMENT_TARGET = 10.11;
				MTL_ENABLE_DEBUG_INFO = NO;
				SDKROOT = macosx;
			};
			name = Release;
		};
		55B9BAB21BCD5F8B0063E994 /* Debug */ = {
			isa = XCBuildConfiguration;
			buildSettings = {
				PRODUCT_NAME = "$(TARGET_NAME)";
			};
			name = Debug;
		};
		55B9BAB31BCD5F8B0063E994 /* Release */ = {
			isa = XCBuildConfiguration;
			buildSettings = {
				PRODUCT_NAME = "$(TARGET_NAME)";
			};
			name = Release;
		};
/* End XCBuildConfiguration section */

/* Begin XCConfigurationList section */
		55B9BAA51BCD5F8B0063E994 /* Build configuration list for PBXProject "linkedList" */ = {
			isa = XCConfigurationList;
			buildConfigurations = (
				55B9BAAF1BCD5F8B0063E994 /* Debug */,
				55B9BAB01BCD5F8B0063E994 /* Release */,
			);
			defaultConfigurationIsVisible = 0;
			defaultConfigurationName = Release;
		};
		55B9BAB11BCD5F8B0063E994 /* Build configuration list for PBXNativeTarget "linkedList" */ = {
			isa = XCConfigurationList;
			buildConfigurations = (
				55B9BAB21BCD5F8B0063E994 /* Debug */,
				55B9BAB31BCD5F8B0063E994 /* Release */,
			);
			defaultConfigurationIsVisible = 0;
		};
/* End XCConfigurationList section */
	};
	rootObject = 55B9BAA21BCD5F8B0063E994 /* Project object */;
}
